
Microsoft Visual Studio Solution File, Format Version 12.00
# Visual Studio 15
VisualStudioVersion = 15.0.28307.539
MinimumVisualStudioVersion = 10.0.40219.1
Project("{9A19103F-16F7-4668-BE54-9A1E7A4F7556}") = "BigPicture.Repl", "BigPicture.Repl\BigPicture.Repl.csproj", "{33B430C9-520E-4E92-9050-F09014406F2F}"
EndProject
Project("{9A19103F-16F7-4668-BE54-9A1E7A4F7556}") = "BigPicture.Core", "BigPicture.Core\BigPicture.Core.csproj", "{037A2F67-A25F-478E-B8A5-762C9AA13B36}"
EndProject
Project("{9A19103F-16F7-4668-BE54-9A1E7A4F7556}") = "BigPicture.IOC", "BigPicture.IOC\BigPicture.IOC.csproj", "{0CB136AF-C037-4C8F-9985-715B74221928}"
EndProject
Project("{FAE04EC0-301F-11D3-BF4B-00C04F79EFBC}") = "BigPicture.Repository.Neo4j", "BigPicture.Repository.Neo4j\BigPicture.Repository.Neo4j.csproj", "{9B403457-EDC5-4196-8D1B-53702F2CF818}"
EndProject
Project("{FAE04EC0-301F-11D3-BF4B-00C04F79EFBC}") = "BigPicture.Resolver.CSharp", "BigPicture.Resolver.CSharp\BigPicture.Resolver.CSharp.csproj", "{D5BDAECD-5BB6-4DB6-ADB3-5EE47C6D7CC9}"
EndProject
Global
	GlobalSection(SolutionConfigurationPlatforms) = preSolution
		Debug|Any CPU = Debug|Any CPU
		Release|Any CPU = Release|Any CPU
	EndGlobalSection
	GlobalSection(ProjectConfigurationPlatforms) = postSolution
		{33B430C9-520E-4E92-9050-F09014406F2F}.Debug|Any CPU.ActiveCfg = Debug|Any CPU
		{33B430C9-520E-4E92-9050-F09014406F2F}.Debug|Any CPU.Build.0 = Debug|Any CPU
		{33B430C9-520E-4E92-9050-F09014406F2F}.Release|Any CPU.ActiveCfg = Release|Any CPU
		{33B430C9-520E-4E92-9050-F09014406F2F}.Release|Any CPU.Build.0 = Release|Any CPU
		{037A2F67-A25F-478E-B8A5-762C9AA13B36}.Debug|Any CPU.ActiveCfg = Debug|Any CPU
		{037A2F67-A25F-478E-B8A5-762C9AA13B36}.Debug|Any CPU.Build.0 = Debug|Any CPU
		{037A2F67-A25F-478E-B8A5-762C9AA13B36}.Release|Any CPU.ActiveCfg = Release|Any CPU
		{037A2F67-A25F-478E-B8A5-762C9AA13B36}.Release|Any CPU.Build.0 = Release|Any CPU
		{0CB136AF-C037-4C8F-9985-715B74221928}.Debug|Any CPU.ActiveCfg = Debug|Any CPU
		{0CB136AF-C037-4C8F-9985-715B74221928}.Debug|Any CPU.Build.0 = Debug|Any CPU
		{0CB136AF-C037-4C8F-9985-715B74221928}.Release|Any CPU.ActiveCfg = Release|Any CPU
		{0CB136AF-C037-4C8F-9985-715B74221928}.Release|Any CPU.Build.0 = Release|Any CPU
		{9B403457-EDC5-4196-8D1B-53702F2CF818}.Debug|Any CPU.ActiveCfg = Debug|Any CPU
		{9B403457-EDC5-4196-8D1B-53702F2CF818}.Debug|Any CPU.Build.0 = Debug|Any CPU
		{9B403457-EDC5-4196-8D1B-53702F2CF818}.Release|Any CPU.ActiveCfg = Release|Any CPU
		{9B403457-EDC5-4196-8D1B-53702F2CF818}.Release|Any CPU.Build.0 = Release|Any CPU
		{D5BDAECD-5BB6-4DB6-ADB3-5EE47C6D7CC9}.Debug|Any CPU.ActiveCfg = Debug|Any CPU
		{D5BDAECD-5BB6-4DB6-ADB3-5EE47C6D7CC9}.Debug|Any CPU.Build.0 = Debug|Any CPU
		{D5BDAECD-5BB6-4DB6-ADB3-5EE47C6D7CC9}.Release|Any CPU.ActiveCfg = Release|Any CPU
		{D5BDAECD-5BB6-4DB6-ADB3-5EE47C6D7CC9}.Release|Any CPU.Build.0 = Release|Any CPU
	EndGlobalSection
	GlobalSection(SolutionProperties) = preSolution
		HideSolutionNode = FALSE
	EndGlobalSection
	GlobalSection(ExtensibilityGlobals) = postSolution
		SolutionGuid = {C9F3A252-8763-46AB-B52B-41EE371FA881}
	EndGlobalSection
EndGlobal
