
Microsoft Visual Studio Solution File, Format Version 12.00
# Visual Studio 15
VisualStudioVersion = 15.0.28307.539
MinimumVisualStudioVersion = 10.0.40219.1
Project("{FAE04EC0-301F-11D3-BF4B-00C04F79EFBC}") = "BigPicture.Repl", "BigPicture.Repl\BigPicture.Repl.csproj", "{BF3653BA-8111-4D90-87D5-44D1E29E9D24}"
EndProject
Project("{FAE04EC0-301F-11D3-BF4B-00C04F79EFBC}") = "BigPicture.Core", "BigPicture.Core\BigPicture.Core.csproj", "{73412C4B-1B0E-4421-B0DB-578AEB27EF92}"
EndProject
Project("{FAE04EC0-301F-11D3-BF4B-00C04F79EFBC}") = "BigPicture.Repository.Neo4j", "BigPicture.Repository.Neo4j\BigPicture.Repository.Neo4j.csproj", "{556F6887-7179-463C-B22E-44863EA54E16}"
EndProject
Project("{FAE04EC0-301F-11D3-BF4B-00C04F79EFBC}") = "BigPicture.Resolver.CSharp", "BigPicture.Resolver.CSharp\BigPicture.Resolver.CSharp.csproj", "{0AF05E37-2547-477A-88A6-60924CCB361E}"
EndProject
Project("{FAE04EC0-301F-11D3-BF4B-00C04F79EFBC}") = "BigPicture.Resolver.Oracle", "BigPicture.Resolver.Oracle\BigPicture.Resolver.Oracle.csproj", "{98140DFC-D548-4465-9B40-81868D108318}"
EndProject
Project("{FAE04EC0-301F-11D3-BF4B-00C04F79EFBC}") = "BigPicture.Repl.Commands", "BigPicture.Repl.Commands\BigPicture.Repl.Commands.csproj", "{55C3611A-A4D3-4B4B-853A-1CFE604D1466}"
EndProject
Project("{FAE04EC0-301F-11D3-BF4B-00C04F79EFBC}") = "BigPicture.Api", "BigPicture.Api\BigPicture.Api.csproj", "{60D9EEA8-A19C-4703-8C88-682083C5E15C}"
EndProject
Global
	GlobalSection(SolutionConfigurationPlatforms) = preSolution
		Debug|Any CPU = Debug|Any CPU
		Release|Any CPU = Release|Any CPU
	EndGlobalSection
	GlobalSection(ProjectConfigurationPlatforms) = postSolution
		{BF3653BA-8111-4D90-87D5-44D1E29E9D24}.Debug|Any CPU.ActiveCfg = Debug|Any CPU
		{BF3653BA-8111-4D90-87D5-44D1E29E9D24}.Debug|Any CPU.Build.0 = Debug|Any CPU
		{BF3653BA-8111-4D90-87D5-44D1E29E9D24}.Release|Any CPU.ActiveCfg = Release|Any CPU
		{BF3653BA-8111-4D90-87D5-44D1E29E9D24}.Release|Any CPU.Build.0 = Release|Any CPU
		{73412C4B-1B0E-4421-B0DB-578AEB27EF92}.Debug|Any CPU.ActiveCfg = Debug|Any CPU
		{73412C4B-1B0E-4421-B0DB-578AEB27EF92}.Debug|Any CPU.Build.0 = Debug|Any CPU
		{73412C4B-1B0E-4421-B0DB-578AEB27EF92}.Release|Any CPU.ActiveCfg = Release|Any CPU
		{73412C4B-1B0E-4421-B0DB-578AEB27EF92}.Release|Any CPU.Build.0 = Release|Any CPU
		{556F6887-7179-463C-B22E-44863EA54E16}.Debug|Any CPU.ActiveCfg = Debug|Any CPU
		{556F6887-7179-463C-B22E-44863EA54E16}.Debug|Any CPU.Build.0 = Debug|Any CPU
		{556F6887-7179-463C-B22E-44863EA54E16}.Release|Any CPU.ActiveCfg = Release|Any CPU
		{556F6887-7179-463C-B22E-44863EA54E16}.Release|Any CPU.Build.0 = Release|Any CPU
		{0AF05E37-2547-477A-88A6-60924CCB361E}.Debug|Any CPU.ActiveCfg = Debug|Any CPU
		{0AF05E37-2547-477A-88A6-60924CCB361E}.Debug|Any CPU.Build.0 = Debug|Any CPU
		{0AF05E37-2547-477A-88A6-60924CCB361E}.Release|Any CPU.ActiveCfg = Release|Any CPU
		{0AF05E37-2547-477A-88A6-60924CCB361E}.Release|Any CPU.Build.0 = Release|Any CPU
		{98140DFC-D548-4465-9B40-81868D108318}.Debug|Any CPU.ActiveCfg = Debug|Any CPU
		{98140DFC-D548-4465-9B40-81868D108318}.Debug|Any CPU.Build.0 = Debug|Any CPU
		{98140DFC-D548-4465-9B40-81868D108318}.Release|Any CPU.ActiveCfg = Release|Any CPU
		{98140DFC-D548-4465-9B40-81868D108318}.Release|Any CPU.Build.0 = Release|Any CPU
		{55C3611A-A4D3-4B4B-853A-1CFE604D1466}.Debug|Any CPU.ActiveCfg = Debug|Any CPU
		{55C3611A-A4D3-4B4B-853A-1CFE604D1466}.Debug|Any CPU.Build.0 = Debug|Any CPU
		{55C3611A-A4D3-4B4B-853A-1CFE604D1466}.Release|Any CPU.ActiveCfg = Release|Any CPU
		{55C3611A-A4D3-4B4B-853A-1CFE604D1466}.Release|Any CPU.Build.0 = Release|Any CPU
		{60D9EEA8-A19C-4703-8C88-682083C5E15C}.Debug|Any CPU.ActiveCfg = Debug|Any CPU
		{60D9EEA8-A19C-4703-8C88-682083C5E15C}.Debug|Any CPU.Build.0 = Debug|Any CPU
		{60D9EEA8-A19C-4703-8C88-682083C5E15C}.Release|Any CPU.ActiveCfg = Release|Any CPU
		{60D9EEA8-A19C-4703-8C88-682083C5E15C}.Release|Any CPU.Build.0 = Release|Any CPU
	EndGlobalSection
	GlobalSection(SolutionProperties) = preSolution
		HideSolutionNode = FALSE
	EndGlobalSection
	GlobalSection(ExtensibilityGlobals) = postSolution
		SolutionGuid = {18FFCE99-172F-4140-A78B-9C892D242AB9}
	EndGlobalSection
EndGlobal
